
Microsoft Visual Studio Solution File, Format Version 12.00
# Visual Studio Version 17
VisualStudioVersion = 17.3.32929.385
MinimumVisualStudioVersion = 10.0.40219.1
Project("{FAE04EC0-301F-11D3-BF4B-00C04F79EFBC}") = "Calculator", "Calculator.csproj", "{815C46C3-91C4-4930-B3BC-2756D661F91C}"
EndProject
Global
	GlobalSection(SolutionConfigurationPlatforms) = preSolution
		Debug|Any CPU = Debug|Any CPU
		Release|Any CPU = Release|Any CPU
	EndGlobalSection
	GlobalSection(ProjectConfigurationPlatforms) = postSolution
		{815C46C3-91C4-4930-B3BC-2756D661F91C}.Debug|Any CPU.ActiveCfg = Debug|Any CPU
		{815C46C3-91C4-4930-B3BC-2756D661F91C}.Debug|Any CPU.Build.0 = Debug|Any CPU
		{815C46C3-91C4-4930-B3BC-2756D661F91C}.Release|Any CPU.ActiveCfg = Release|Any CPU
		{815C46C3-91C4-4930-B3BC-2756D661F91C}.Release|Any CPU.Build.0 = Release|Any CPU
	EndGlobalSection
	GlobalSection(SolutionProperties) = preSolution
		HideSolutionNode = FALSE
	EndGlobalSection
	GlobalSection(ExtensibilityGlobals) = postSolution
		SolutionGuid = {C18369D1-70FC-44F9-AF53-C57633ADA7CA}
	EndGlobalSection
EndGlobal
