
Microsoft Visual Studio Solution File, Format Version 12.00
# Visual Studio Version 17
VisualStudioVersion = 17.3.32929.385
MinimumVisualStudioVersion = 10.0.40219.1
Project("{9A19103F-16F7-4668-BE54-9A1E7A4F7556}") = "CSharp_Assignment", "CSharp_Assignment.csproj", "{43504B74-8E10-4A43-9231-4ECF3F9CA06B}"
EndProject
Project("{2150E333-8FDC-42A3-9474-1A3956D46DE8}") = "Solution Items", "Solution Items", "{4BB13D6F-6989-4B1F-98B2-2B3C515437E5}"
	ProjectSection(SolutionItems) = preProject
		.editorconfig = .editorconfig
	EndProjectSection
EndProject
Global
	GlobalSection(SolutionConfigurationPlatforms) = preSolution
		Debug|Any CPU = Debug|Any CPU
		Release|Any CPU = Release|Any CPU
	EndGlobalSection
	GlobalSection(ProjectConfigurationPlatforms) = postSolution
		{43504B74-8E10-4A43-9231-4ECF3F9CA06B}.Debug|Any CPU.ActiveCfg = Debug|Any CPU
		{43504B74-8E10-4A43-9231-4ECF3F9CA06B}.Debug|Any CPU.Build.0 = Debug|Any CPU
		{43504B74-8E10-4A43-9231-4ECF3F9CA06B}.Release|Any CPU.ActiveCfg = Release|Any CPU
		{43504B74-8E10-4A43-9231-4ECF3F9CA06B}.Release|Any CPU.Build.0 = Release|Any CPU
	EndGlobalSection
	GlobalSection(SolutionProperties) = preSolution
		HideSolutionNode = FALSE
	EndGlobalSection
	GlobalSection(ExtensibilityGlobals) = postSolution
		SolutionGuid = {F38944C9-CA98-4F50-A6A0-89009F7C873D}
	EndGlobalSection
EndGlobal
