
Microsoft Visual Studio Solution File, Format Version 12.00
# Visual Studio Version 17
VisualStudioVersion = 17.3.32929.385
MinimumVisualStudioVersion = 10.0.40219.1
Project("{FAE04EC0-301F-11D3-BF4B-00C04F79EFBC}") = "DapperCRUDApi", "DapperCRUDApi.csproj", "{4D00DA22-0981-4DC3-86F6-C4540A81886D}"
EndProject
Global
	GlobalSection(SolutionConfigurationPlatforms) = preSolution
		Debug|Any CPU = Debug|Any CPU
		Release|Any CPU = Release|Any CPU
	EndGlobalSection
	GlobalSection(ProjectConfigurationPlatforms) = postSolution
		{4D00DA22-0981-4DC3-86F6-C4540A81886D}.Debug|Any CPU.ActiveCfg = Debug|Any CPU
		{4D00DA22-0981-4DC3-86F6-C4540A81886D}.Debug|Any CPU.Build.0 = Debug|Any CPU
		{4D00DA22-0981-4DC3-86F6-C4540A81886D}.Release|Any CPU.ActiveCfg = Release|Any CPU
		{4D00DA22-0981-4DC3-86F6-C4540A81886D}.Release|Any CPU.Build.0 = Release|Any CPU
	EndGlobalSection
	GlobalSection(SolutionProperties) = preSolution
		HideSolutionNode = FALSE
	EndGlobalSection
	GlobalSection(ExtensibilityGlobals) = postSolution
		SolutionGuid = {6F1835E9-80E6-4CFA-98DC-718C8E7C48A6}
	EndGlobalSection
EndGlobal
