
Microsoft Visual Studio Solution File, Format Version 12.00
# Visual Studio Version 17
VisualStudioVersion = 17.3.32929.385
MinimumVisualStudioVersion = 10.0.40219.1
Project("{FAE04EC0-301F-11D3-BF4B-00C04F79EFBC}") = "CalciWithDotNetCore", "CalciWithDotNetCore.csproj", "{C4BD6165-4432-4105-9DD4-CCC7049C4798}"
EndProject
Global
	GlobalSection(SolutionConfigurationPlatforms) = preSolution
		Debug|Any CPU = Debug|Any CPU
		Release|Any CPU = Release|Any CPU
	EndGlobalSection
	GlobalSection(ProjectConfigurationPlatforms) = postSolution
		{C4BD6165-4432-4105-9DD4-CCC7049C4798}.Debug|Any CPU.ActiveCfg = Debug|Any CPU
		{C4BD6165-4432-4105-9DD4-CCC7049C4798}.Debug|Any CPU.Build.0 = Debug|Any CPU
		{C4BD6165-4432-4105-9DD4-CCC7049C4798}.Release|Any CPU.ActiveCfg = Release|Any CPU
		{C4BD6165-4432-4105-9DD4-CCC7049C4798}.Release|Any CPU.Build.0 = Release|Any CPU
	EndGlobalSection
	GlobalSection(SolutionProperties) = preSolution
		HideSolutionNode = FALSE
	EndGlobalSection
	GlobalSection(ExtensibilityGlobals) = postSolution
		SolutionGuid = {BE60DCCF-79CE-43C5-B446-ED85AFBB4125}
	EndGlobalSection
EndGlobal
